
Microsoft Visual Studio Solution File, Format Version 12.00
# Visual Studio Version 17
VisualStudioVersion = 17.4.33403.182
MinimumVisualStudioVersion = 10.0.40219.1
Project("{FAE04EC0-301F-11D3-BF4B-00C04F79EFBC}") = "API", "API.csproj", "{D5F63663-DE66-4374-9328-484A729C75BD}"
EndProject
Global
	GlobalSection(SolutionConfigurationPlatforms) = preSolution
		Debug|Any CPU = Debug|Any CPU
		Release|Any CPU = Release|Any CPU
	EndGlobalSection
	GlobalSection(ProjectConfigurationPlatforms) = postSolution
		{D5F63663-DE66-4374-9328-484A729C75BD}.Debug|Any CPU.ActiveCfg = Debug|Any CPU
		{D5F63663-DE66-4374-9328-484A729C75BD}.Debug|Any CPU.Build.0 = Debug|Any CPU
		{D5F63663-DE66-4374-9328-484A729C75BD}.Release|Any CPU.ActiveCfg = Release|Any CPU
		{D5F63663-DE66-4374-9328-484A729C75BD}.Release|Any CPU.Build.0 = Release|Any CPU
	EndGlobalSection
	GlobalSection(SolutionProperties) = preSolution
		HideSolutionNode = FALSE
	EndGlobalSection
	GlobalSection(ExtensibilityGlobals) = postSolution
		SolutionGuid = {BB453A32-5012-4FB3-A961-7BCF8B8C3E96}
	EndGlobalSection
EndGlobal
